
Microsoft Visual Studio Solution File, Format Version 12.00
# Visual Studio 15
VisualStudioVersion = 15.0.28307.645
MinimumVisualStudioVersion = 10.0.40219.1
Project("{FAE04EC0-301F-11D3-BF4B-00C04F79EFBC}") = "Yazılım Yapımı Dönem Projesi", "Yazılım Yapımı Dönem Projesi\Yazılım Yapımı Dönem Projesi.csproj", "{5CB3A926-F8F5-45DF-A1C4-E63538A59BB1}"
EndProject
Global
	GlobalSection(SolutionConfigurationPlatforms) = preSolution
		Debug|Any CPU = Debug|Any CPU
		Release|Any CPU = Release|Any CPU
	EndGlobalSection
	GlobalSection(ProjectConfigurationPlatforms) = postSolution
		{5CB3A926-F8F5-45DF-A1C4-E63538A59BB1}.Debug|Any CPU.ActiveCfg = Debug|Any CPU
		{5CB3A926-F8F5-45DF-A1C4-E63538A59BB1}.Debug|Any CPU.Build.0 = Debug|Any CPU
		{5CB3A926-F8F5-45DF-A1C4-E63538A59BB1}.Release|Any CPU.ActiveCfg = Release|Any CPU
		{5CB3A926-F8F5-45DF-A1C4-E63538A59BB1}.Release|Any CPU.Build.0 = Release|Any CPU
	EndGlobalSection
	GlobalSection(SolutionProperties) = preSolution
		HideSolutionNode = FALSE
	EndGlobalSection
	GlobalSection(ExtensibilityGlobals) = postSolution
		SolutionGuid = {7396B898-5DAE-4448-B987-05C70C8058B4}
	EndGlobalSection
EndGlobal
